
Microsoft Visual Studio Solution File, Format Version 12.00
# Visual Studio 2012
Project("{FAE04EC0-301F-11D3-BF4B-00C04F79EFBC}") = "Linear Search", "Linear Search\Linear Search.csproj", "{D627EB9B-F81A-4373-A771-71FDEDE563E3}"
EndProject
Global
	GlobalSection(SolutionConfigurationPlatforms) = preSolution
		Debug|Any CPU = Debug|Any CPU
		Release|Any CPU = Release|Any CPU
	EndGlobalSection
	GlobalSection(ProjectConfigurationPlatforms) = postSolution
		{D627EB9B-F81A-4373-A771-71FDEDE563E3}.Debug|Any CPU.ActiveCfg = Debug|Any CPU
		{D627EB9B-F81A-4373-A771-71FDEDE563E3}.Debug|Any CPU.Build.0 = Debug|Any CPU
		{D627EB9B-F81A-4373-A771-71FDEDE563E3}.Release|Any CPU.ActiveCfg = Release|Any CPU
		{D627EB9B-F81A-4373-A771-71FDEDE563E3}.Release|Any CPU.Build.0 = Release|Any CPU
	EndGlobalSection
	GlobalSection(SolutionProperties) = preSolution
		HideSolutionNode = FALSE
	EndGlobalSection
EndGlobal
