
Microsoft Visual Studio Solution File, Format Version 12.00
# Visual Studio 2012
Project("{FAE04EC0-301F-11D3-BF4B-00C04F79EFBC}") = "GenericDatatype", "GenericDatatype\GenericDatatype.csproj", "{A8A8A9E1-DA3E-41FB-819D-A5409B4F6BBD}"
EndProject
Global
	GlobalSection(SolutionConfigurationPlatforms) = preSolution
		Debug|Any CPU = Debug|Any CPU
		Release|Any CPU = Release|Any CPU
	EndGlobalSection
	GlobalSection(ProjectConfigurationPlatforms) = postSolution
		{A8A8A9E1-DA3E-41FB-819D-A5409B4F6BBD}.Debug|Any CPU.ActiveCfg = Debug|Any CPU
		{A8A8A9E1-DA3E-41FB-819D-A5409B4F6BBD}.Debug|Any CPU.Build.0 = Debug|Any CPU
		{A8A8A9E1-DA3E-41FB-819D-A5409B4F6BBD}.Release|Any CPU.ActiveCfg = Release|Any CPU
		{A8A8A9E1-DA3E-41FB-819D-A5409B4F6BBD}.Release|Any CPU.Build.0 = Release|Any CPU
	EndGlobalSection
	GlobalSection(SolutionProperties) = preSolution
		HideSolutionNode = FALSE
	EndGlobalSection
EndGlobal
